
Microsoft Visual Studio Solution File, Format Version 12.00
# Visual Studio Version 17
VisualStudioVersion = 17.12.35527.113
MinimumVisualStudioVersion = 10.0.40219.1
Project("{2150E333-8FDC-42A3-9474-1A3956D46DE8}") = "Core", "Core", "{F83DAD62-AB9F-4956-A83B-3094304C90C4}"
EndProject
Project("{2150E333-8FDC-42A3-9474-1A3956D46DE8}") = "Application", "Application", "{C1FC1016-44C8-4DFE-904F-839B64C42619}"
EndProject
Project("{2150E333-8FDC-42A3-9474-1A3956D46DE8}") = "Presentation", "Presentation", "{89329AA9-3FDD-4033-B448-CD648CB0C77F}"
EndProject
Project("{2150E333-8FDC-42A3-9474-1A3956D46DE8}") = "Infrastructure", "Infrastructure", "{93ABF357-3234-40DC-A727-83F4C34AA346}"
EndProject
Project("{FAE04EC0-301F-11D3-BF4B-00C04F79EFBC}") = "ETrade.Domain", "ETrade.Domain\ETrade.Domain.csproj", "{630A0896-638B-436E-8841-6435F7FA874D}"
EndProject
Project("{FAE04EC0-301F-11D3-BF4B-00C04F79EFBC}") = "ETrade.Application", "ETrade.Application\ETrade.Application.csproj", "{607280CD-C85B-486E-9277-07A99B7B6E54}"
EndProject
Project("{FAE04EC0-301F-11D3-BF4B-00C04F79EFBC}") = "ETrade.Persistence", "ETrade.Persistence\ETrade.Persistence.csproj", "{3D93FE35-4B07-4658-BCDB-37435DF13A74}"
EndProject
Project("{FAE04EC0-301F-11D3-BF4B-00C04F79EFBC}") = "ETrade.API", "ETrade.API\ETrade.API.csproj", "{8BC5BD22-CD29-4C16-AE4C-D68AD8FB225E}"
EndProject
Global
	GlobalSection(SolutionConfigurationPlatforms) = preSolution
		Debug|Any CPU = Debug|Any CPU
		Release|Any CPU = Release|Any CPU
	EndGlobalSection
	GlobalSection(ProjectConfigurationPlatforms) = postSolution
		{630A0896-638B-436E-8841-6435F7FA874D}.Debug|Any CPU.ActiveCfg = Debug|Any CPU
		{630A0896-638B-436E-8841-6435F7FA874D}.Debug|Any CPU.Build.0 = Debug|Any CPU
		{630A0896-638B-436E-8841-6435F7FA874D}.Release|Any CPU.ActiveCfg = Release|Any CPU
		{630A0896-638B-436E-8841-6435F7FA874D}.Release|Any CPU.Build.0 = Release|Any CPU
		{607280CD-C85B-486E-9277-07A99B7B6E54}.Debug|Any CPU.ActiveCfg = Debug|Any CPU
		{607280CD-C85B-486E-9277-07A99B7B6E54}.Debug|Any CPU.Build.0 = Debug|Any CPU
		{607280CD-C85B-486E-9277-07A99B7B6E54}.Release|Any CPU.ActiveCfg = Release|Any CPU
		{607280CD-C85B-486E-9277-07A99B7B6E54}.Release|Any CPU.Build.0 = Release|Any CPU
		{3D93FE35-4B07-4658-BCDB-37435DF13A74}.Debug|Any CPU.ActiveCfg = Debug|Any CPU
		{3D93FE35-4B07-4658-BCDB-37435DF13A74}.Debug|Any CPU.Build.0 = Debug|Any CPU
		{3D93FE35-4B07-4658-BCDB-37435DF13A74}.Release|Any CPU.ActiveCfg = Release|Any CPU
		{3D93FE35-4B07-4658-BCDB-37435DF13A74}.Release|Any CPU.Build.0 = Release|Any CPU
		{8BC5BD22-CD29-4C16-AE4C-D68AD8FB225E}.Debug|Any CPU.ActiveCfg = Debug|Any CPU
		{8BC5BD22-CD29-4C16-AE4C-D68AD8FB225E}.Debug|Any CPU.Build.0 = Debug|Any CPU
		{8BC5BD22-CD29-4C16-AE4C-D68AD8FB225E}.Release|Any CPU.ActiveCfg = Release|Any CPU
		{8BC5BD22-CD29-4C16-AE4C-D68AD8FB225E}.Release|Any CPU.Build.0 = Release|Any CPU
	EndGlobalSection
	GlobalSection(SolutionProperties) = preSolution
		HideSolutionNode = FALSE
	EndGlobalSection
	GlobalSection(NestedProjects) = preSolution
		{630A0896-638B-436E-8841-6435F7FA874D} = {F83DAD62-AB9F-4956-A83B-3094304C90C4}
		{607280CD-C85B-486E-9277-07A99B7B6E54} = {C1FC1016-44C8-4DFE-904F-839B64C42619}
		{3D93FE35-4B07-4658-BCDB-37435DF13A74} = {93ABF357-3234-40DC-A727-83F4C34AA346}
		{8BC5BD22-CD29-4C16-AE4C-D68AD8FB225E} = {89329AA9-3FDD-4033-B448-CD648CB0C77F}
	EndGlobalSection
EndGlobal
